// !$*UTF8*$!
{
	archiveVersion = 1;
	classes = {
	};
	objectVersion = 56;
	objects = {

/* Begin PBXBuildFile section */
		185AAA872BCEB01400C992A6 /* openInApp_tutApp.swift in Sources */ = {isa = PBXBuildFile; fileRef = 185AAA862BCEB01400C992A6 /* openInApp_tutApp.swift */; };
		185AAA892BCEB01400C992A6 /* ContentView.swift in Sources */ = {isa = PBXBuildFile; fileRef = 185AAA882BCEB01400C992A6 /* ContentView.swift */; };
		185AAA8B2BCEB01600C992A6 /* Assets.xcassets in Resources */ = {isa = PBXBuildFile; fileRef = 185AAA8A2BCEB01600C992A6 /* Assets.xcassets */; };
		185AAA8E2BCEB01600C992A6 /* Preview Assets.xcassets in Resources */ = {isa = PBXBuildFile; fileRef = 185AAA8D2BCEB01600C992A6 /* Preview Assets.xcassets */; };
		185AAA962BCEB0B200C992A6 /* Main.swift in Sources */ = {isa = PBXBuildFile; fileRef = 185AAA952BCEB0B200C992A6 /* Main.swift */; };
		185AAA992BCEB54100C992A6 /* NavBar.swift in Sources */ = {isa = PBXBuildFile; fileRef = 185AAA982BCEB54100C992A6 /* NavBar.swift */; };
		189E795C2BCF916D006B7929 /* graphMain.swift in Sources */ = {isa = PBXBuildFile; fileRef = 189E795B2BCF916D006B7929 /* graphMain.swift */; };
		189E795E2BCFAC7D006B7929 /* ClickInfoView.swift in Sources */ = {isa = PBXBuildFile; fileRef = 189E795D2BCFAC7D006B7929 /* ClickInfoView.swift */; };
		189E79622BCFD6A1006B7929 /* search.swift in Sources */ = {isa = PBXBuildFile; fileRef = 189E79612BCFD6A1006B7929 /* search.swift */; };
		189E79652BCFDD86006B7929 /* linksCard.swift in Sources */ = {isa = PBXBuildFile; fileRef = 189E79642BCFDD86006B7929 /* linksCard.swift */; };
		189E79672BCFE2EF006B7929 /* linkData.swift in Sources */ = {isa = PBXBuildFile; fileRef = 189E79662BCFE2EF006B7929 /* linkData.swift */; };
		189E79692BD03272006B7929 /* dataPasing.swift in Sources */ = {isa = PBXBuildFile; fileRef = 189E79682BD03272006B7929 /* dataPasing.swift */; };
/* End PBXBuildFile section */

/* Begin PBXFileReference section */
		185AAA832BCEB01400C992A6 /* openInApp tut.app */ = {isa = PBXFileReference; explicitFileType = wrapper.application; includeInIndex = 0; path = "openInApp tut.app"; sourceTree = BUILT_PRODUCTS_DIR; };
		185AAA862BCEB01400C992A6 /* openInApp_tutApp.swift */ = {isa = PBXFileReference; lastKnownFileType = sourcecode.swift; path = openInApp_tutApp.swift; sourceTree = "<group>"; };
		185AAA882BCEB01400C992A6 /* ContentView.swift */ = {isa = PBXFileReference; lastKnownFileType = sourcecode.swift; path = ContentView.swift; sourceTree = "<group>"; };
		185AAA8A2BCEB01600C992A6 /* Assets.xcassets */ = {isa = PBXFileReference; lastKnownFileType = folder.assetcatalog; path = Assets.xcassets; sourceTree = "<group>"; };
		185AAA8D2BCEB01600C992A6 /* Preview Assets.xcassets */ = {isa = PBXFileReference; lastKnownFileType = folder.assetcatalog; path = "Preview Assets.xcassets"; sourceTree = "<group>"; };
		185AAA952BCEB0B200C992A6 /* Main.swift */ = {isa = PBXFileReference; lastKnownFileType = sourcecode.swift; path = Main.swift; sourceTree = "<group>"; };
		185AAA982BCEB54100C992A6 /* NavBar.swift */ = {isa = PBXFileReference; lastKnownFileType = sourcecode.swift; path = NavBar.swift; sourceTree = "<group>"; };
		189E795B2BCF916D006B7929 /* graphMain.swift */ = {isa = PBXFileReference; lastKnownFileType = sourcecode.swift; path = graphMain.swift; sourceTree = "<group>"; };
		189E795D2BCFAC7D006B7929 /* ClickInfoView.swift */ = {isa = PBXFileReference; lastKnownFileType = sourcecode.swift; path = ClickInfoView.swift; sourceTree = "<group>"; };
		189E79612BCFD6A1006B7929 /* search.swift */ = {isa = PBXFileReference; lastKnownFileType = sourcecode.swift; path = search.swift; sourceTree = "<group>"; };
		189E79642BCFDD86006B7929 /* linksCard.swift */ = {isa = PBXFileReference; lastKnownFileType = sourcecode.swift; path = linksCard.swift; sourceTree = "<group>"; };
		189E79662BCFE2EF006B7929 /* linkData.swift */ = {isa = PBXFileReference; lastKnownFileType = sourcecode.swift; path = linkData.swift; sourceTree = "<group>"; };
		189E79682BD03272006B7929 /* dataPasing.swift */ = {isa = PBXFileReference; lastKnownFileType = sourcecode.swift; path = dataPasing.swift; sourceTree = "<group>"; };
/* End PBXFileReference section */

/* Begin PBXFrameworksBuildPhase section */
		185AAA802BCEB01400C992A6 /* Frameworks */ = {
			isa = PBXFrameworksBuildPhase;
			buildActionMask = 2147483647;
			files = (
			);
			runOnlyForDeploymentPostprocessing = 0;
		};
/* End PBXFrameworksBuildPhase section */

/* Begin PBXGroup section */
		185AAA7A2BCEB01400C992A6 = {
			isa = PBXGroup;
			children = (
				185AAA852BCEB01400C992A6 /* openInApp tut */,
				185AAA842BCEB01400C992A6 /* Products */,
			);
			sourceTree = "<group>";
		};
		185AAA842BCEB01400C992A6 /* Products */ = {
			isa = PBXGroup;
			children = (
				185AAA832BCEB01400C992A6 /* openInApp tut.app */,
			);
			name = Products;
			sourceTree = "<group>";
		};
		185AAA852BCEB01400C992A6 /* openInApp tut */ = {
			isa = PBXGroup;
			children = (
				185AAA972BCEB52700C992A6 /* Componets */,
				185AAA942BCEB04500C992A6 /* data */,
				185AAA862BCEB01400C992A6 /* openInApp_tutApp.swift */,
				185AAA952BCEB0B200C992A6 /* Main.swift */,
				185AAA882BCEB01400C992A6 /* ContentView.swift */,
				185AAA8A2BCEB01600C992A6 /* Assets.xcassets */,
				185AAA8C2BCEB01600C992A6 /* Preview Content */,
			);
			path = "openInApp tut";
			sourceTree = "<group>";
		};
		185AAA8C2BCEB01600C992A6 /* Preview Content */ = {
			isa = PBXGroup;
			children = (
				185AAA8D2BCEB01600C992A6 /* Preview Assets.xcassets */,
			);
			path = "Preview Content";
			sourceTree = "<group>";
		};
		185AAA942BCEB04500C992A6 /* data */ = {
			isa = PBXGroup;
			children = (
				189E79682BD03272006B7929 /* dataPasing.swift */,
			);
			path = data;
			sourceTree = "<group>";
		};
		185AAA972BCEB52700C992A6 /* Componets */ = {
			isa = PBXGroup;
			children = (
				189E79632BCFDD1E006B7929 /* Search */,
				185AAA9A2BCEC5BA00C992A6 /* Graph */,
				185AAA982BCEB54100C992A6 /* NavBar.swift */,
				189E795D2BCFAC7D006B7929 /* ClickInfoView.swift */,
				189E79612BCFD6A1006B7929 /* search.swift */,
				189E79642BCFDD86006B7929 /* linksCard.swift */,
				189E79662BCFE2EF006B7929 /* linkData.swift */,
			);
			path = Componets;
			sourceTree = "<group>";
		};
		185AAA9A2BCEC5BA00C992A6 /* Graph */ = {
			isa = PBXGroup;
			children = (
				189E795B2BCF916D006B7929 /* graphMain.swift */,
			);
			path = Graph;
			sourceTree = "<group>";
		};
		189E79632BCFDD1E006B7929 /* Search */ = {
			isa = PBXGroup;
			children = (
			);
			path = Search;
			sourceTree = "<group>";
		};
/* End PBXGroup section */

/* Begin PBXNativeTarget section */
		185AAA822BCEB01400C992A6 /* openInApp tut */ = {
			isa = PBXNativeTarget;
			buildConfigurationList = 185AAA912BCEB01600C992A6 /* Build configuration list for PBXNativeTarget "openInApp tut" */;
			buildPhases = (
				185AAA7F2BCEB01400C992A6 /* Sources */,
				185AAA802BCEB01400C992A6 /* Frameworks */,
				185AAA812BCEB01400C992A6 /* Resources */,
			);
			buildRules = (
			);
			dependencies = (
			);
			name = "openInApp tut";
			productName = "openInApp tut";
			productReference = 185AAA832BCEB01400C992A6 /* openInApp tut.app */;
			productType = "com.apple.product-type.application";
		};
/* End PBXNativeTarget section */

/* Begin PBXProject section */
		185AAA7B2BCEB01400C992A6 /* Project object */ = {
			isa = PBXProject;
			attributes = {
				BuildIndependentTargetsInParallel = 1;
				LastSwiftUpdateCheck = 1530;
				LastUpgradeCheck = 1530;
				TargetAttributes = {
					185AAA822BCEB01400C992A6 = {
						CreatedOnToolsVersion = 15.3;
					};
				};
			};
			buildConfigurationList = 185AAA7E2BCEB01400C992A6 /* Build configuration list for PBXProject "openInApp tut" */;
			compatibilityVersion = "Xcode 14.0";
			developmentRegion = en;
			hasScannedForEncodings = 0;
			knownRegions = (
				en,
				Base,
			);
			mainGroup = 185AAA7A2BCEB01400C992A6;
			productRefGroup = 185AAA842BCEB01400C992A6 /* Products */;
			projectDirPath = "";
			projectRoot = "";
			targets = (
				185AAA822BCEB01400C992A6 /* openInApp tut */,
			);
		};
/* End PBXProject section */

/* Begin PBXResourcesBuildPhase section */
		185AAA812BCEB01400C992A6 /* Resources */ = {
			isa = PBXResourcesBuildPhase;
			buildActionMask = 2147483647;
			files = (
				185AAA8E2BCEB01600C992A6 /* Preview Assets.xcassets in Resources */,
				185AAA8B2BCEB01600C992A6 /* Assets.xcassets in Resources */,
			);
			runOnlyForDeploymentPostprocessing = 0;
		};
/* End PBXResourcesBuildPhase section */

/* Begin PBXSourcesBuildPhase section */
		185AAA7F2BCEB01400C992A6 /* Sources */ = {
			isa = PBXSourcesBuildPhase;
			buildActionMask = 2147483647;
			files = (
				185AAA962BCEB0B200C992A6 /* Main.swift in Sources */,
				189E79672BCFE2EF006B7929 /* linkData.swift in Sources */,
				185AAA992BCEB54100C992A6 /* NavBar.swift in Sources */,
				185AAA892BCEB01400C992A6 /* ContentView.swift in Sources */,
				189E795E2BCFAC7D006B7929 /* ClickInfoView.swift in Sources */,
				189E795C2BCF916D006B7929 /* graphMain.swift in Sources */,
				189E79652BCFDD86006B7929 /* linksCard.swift in Sources */,
				189E79622BCFD6A1006B7929 /* search.swift in Sources */,
				185AAA872BCEB01400C992A6 /* openInApp_tutApp.swift in Sources */,
				189E79692BD03272006B7929 /* dataPasing.swift in Sources */,
			);
			runOnlyForDeploymentPostprocessing = 0;
		};
/* End PBXSourcesBuildPhase section */

/* Begin XCBuildConfiguration section */
		185AAA8F2BCEB01600C992A6 /* Debug */ = {
			isa = XCBuildConfiguration;
			buildSettings = {
				ALWAYS_SEARCH_USER_PATHS = NO;
				ASSETCATALOG_COMPILER_GENERATE_SWIFT_ASSET_SYMBOL_EXTENSIONS = YES;
				CLANG_ANALYZER_NONNULL = YES;
				CLANG_ANALYZER_NUMBER_OBJECT_CONVERSION = YES_AGGRESSIVE;
				CLANG_CXX_LANGUAGE_STANDARD = "gnu++20";
				CLANG_ENABLE_MODULES = YES;
				CLANG_ENABLE_OBJC_ARC = YES;
				CLANG_ENABLE_OBJC_WEAK = YES;
				CLANG_WARN_BLOCK_CAPTURE_AUTORELEASING = YES;
				CLANG_WARN_BOOL_CONVERSION = YES;
				CLANG_WARN_COMMA = YES;
				CLANG_WARN_CONSTANT_CONVERSION = YES;
				CLANG_WARN_DEPRECATED_OBJC_IMPLEMENTATIONS = YES;
				CLANG_WARN_DIRECT_OBJC_ISA_USAGE = YES_ERROR;
				CLANG_WARN_DOCUMENTATION_COMMENTS = YES;
				CLANG_WARN_EMPTY_BODY = YES;
				CLANG_WARN_ENUM_CONVERSION = YES;
				CLANG_WARN_INFINITE_RECURSION = YES;
				CLANG_WARN_INT_CONVERSION = YES;
				CLANG_WARN_NON_LITERAL_NULL_CONVERSION = YES;
				CLANG_WARN_OBJC_IMPLICIT_RETAIN_SELF = YES;
				CLANG_WARN_OBJC_LITERAL_CONVERSION = YES;
				CLANG_WARN_OBJC_ROOT_CLASS = YES_ERROR;
				CLANG_WARN_QUOTED_INCLUDE_IN_FRAMEWORK_HEADER = YES;
				CLANG_WARN_RANGE_LOOP_ANALYSIS = YES;
				CLANG_WARN_STRICT_PROTOTYPES = YES;
				CLANG_WARN_SUSPICIOUS_MOVE = YES;
				CLANG_WARN_UNGUARDED_AVAILABILITY = YES_AGGRESSIVE;
				CLANG_WARN_UNREACHABLE_CODE = YES;
				CLANG_WARN__DUPLICATE_METHOD_MATCH = YES;
				COPY_PHASE_STRIP = NO;
				DEBUG_INFORMATION_FORMAT = dwarf;
				ENABLE_STRICT_OBJC_MSGSEND = YES;
				ENABLE_TESTABILITY = YES;
				ENABLE_USER_SCRIPT_SANDBOXING = YES;
				GCC_C_LANGUAGE_STANDARD = gnu17;
				GCC_DYNAMIC_NO_PIC = NO;
				GCC_NO_COMMON_BLOCKS = YES;
				GCC_OPTIMIZATION_LEVEL = 0;
				GCC_PREPROCESSOR_DEFINITIONS = (
					"DEBUG=1",
					"$(inherited)",
				);
				GCC_WARN_64_TO_32_BIT_CONVERSION = YES;
				GCC_WARN_ABOUT_RETURN_TYPE = YES_ERROR;
				GCC_WARN_UNDECLARED_SELECTOR = YES;
				GCC_WARN_UNINITIALIZED_AUTOS = YES_AGGRESSIVE;
				GCC_WARN_UNUSED_FUNCTION = YES;
				GCC_WARN_UNUSED_VARIABLE = YES;
				IPHONEOS_DEPLOYMENT_TARGET = 17.4;
				LOCALIZATION_PREFERS_STRING_CATALOGS = YES;
				MTL_ENABLE_DEBUG_INFO = INCLUDE_SOURCE;
				MTL_FAST_MATH = YES;
				ONLY_ACTIVE_ARCH = YES;
				SDKROOT = iphoneos;
				SWIFT_ACTIVE_COMPILATION_CONDITIONS = "DEBUG $(inherited)";
				SWIFT_OPTIMIZATION_LEVEL = "-Onone";
			};
			name = Debug;
		};
		185AAA902BCEB01600C992A6 /* Release */ = {
			isa = XCBuildConfiguration;
			buildSettings = {
				ALWAYS_SEARCH_USER_PATHS = NO;
				ASSETCATALOG_COMPILER_GENERATE_SWIFT_ASSET_SYMBOL_EXTENSIONS = YES;
				CLANG_ANALYZER_NONNULL = YES;
				CLANG_ANALYZER_NUMBER_OBJECT_CONVERSION = YES_AGGRESSIVE;
				CLANG_CXX_LANGUAGE_STANDARD = "gnu++20";
				CLANG_ENABLE_MODULES = YES;
				CLANG_ENABLE_OBJC_ARC = YES;
				CLANG_ENABLE_OBJC_WEAK = YES;
				CLANG_WARN_BLOCK_CAPTURE_AUTORELEASING = YES;
				CLANG_WARN_BOOL_CONVERSION = YES;
				CLANG_WARN_COMMA = YES;
				CLANG_WARN_CONSTANT_CONVERSION = YES;
				CLANG_WARN_DEPRECATED_OBJC_IMPLEMENTATIONS = YES;
				CLANG_WARN_DIRECT_OBJC_ISA_USAGE = YES_ERROR;
				CLANG_WARN_DOCUMENTATION_COMMENTS = YES;
				CLANG_WARN_EMPTY_BODY = YES;
				CLANG_WARN_ENUM_CONVERSION = YES;
				CLANG_WARN_INFINITE_RECURSION = YES;
				CLANG_WARN_INT_CONVERSION = YES;
				CLANG_WARN_NON_LITERAL_NULL_CONVERSION = YES;
				CLANG_WARN_OBJC_IMPLICIT_RETAIN_SELF = YES;
				CLANG_WARN_OBJC_LITERAL_CONVERSION = YES;
				CLANG_WARN_OBJC_ROOT_CLASS = YES_ERROR;
				CLANG_WARN_QUOTED_INCLUDE_IN_FRAMEWORK_HEADER = YES;
				CLANG_WARN_RANGE_LOOP_ANALYSIS = YES;
				CLANG_WARN_STRICT_PROTOTYPES = YES;
				CLANG_WARN_SUSPICIOUS_MOVE = YES;
				CLANG_WARN_UNGUARDED_AVAILABILITY = YES_AGGRESSIVE;
				CLANG_WARN_UNREACHABLE_CODE = YES;
				CLANG_WARN__DUPLICATE_METHOD_MATCH = YES;
				COPY_PHASE_STRIP = NO;
				DEBUG_INFORMATION_FORMAT = "dwarf-with-dsym";
				ENABLE_NS_ASSERTIONS = NO;
				ENABLE_STRICT_OBJC_MSGSEND = YES;
				ENABLE_USER_SCRIPT_SANDBOXING = YES;
				GCC_C_LANGUAGE_STANDARD = gnu17;
				GCC_NO_COMMON_BLOCKS = YES;
				GCC_WARN_64_TO_32_BIT_CONVERSION = YES;
				GCC_WARN_ABOUT_RETURN_TYPE = YES_ERROR;
				GCC_WARN_UNDECLARED_SELECTOR = YES;
				GCC_WARN_UNINITIALIZED_AUTOS = YES_AGGRESSIVE;
				GCC_WARN_UNUSED_FUNCTION = YES;
				GCC_WARN_UNUSED_VARIABLE = YES;
				IPHONEOS_DEPLOYMENT_TARGET = 17.4;
				LOCALIZATION_PREFERS_STRING_CATALOGS = YES;
				MTL_ENABLE_DEBUG_INFO = NO;
				MTL_FAST_MATH = YES;
				SDKROOT = iphoneos;
				SWIFT_COMPILATION_MODE = wholemodule;
				VALIDATE_PRODUCT = YES;
			};
			name = Release;
		};
		185AAA922BCEB01600C992A6 /* Debug */ = {
			isa = XCBuildConfiguration;
			buildSettings = {
				ASSETCATALOG_COMPILER_APPICON_NAME = AppIcon;
				ASSETCATALOG_COMPILER_GLOBAL_ACCENT_COLOR_NAME = AccentColor;
				CODE_SIGN_STYLE = Automatic;
				CURRENT_PROJECT_VERSION = 1;
				DEVELOPMENT_ASSET_PATHS = "\"openInApp tut/Preview Content\"";
				DEVELOPMENT_TEAM = C7DKXQWN92;
				ENABLE_PREVIEWS = YES;
				GENERATE_INFOPLIST_FILE = YES;
				INFOPLIST_KEY_UIApplicationSceneManifest_Generation = YES;
				INFOPLIST_KEY_UIApplicationSupportsIndirectInputEvents = YES;
				INFOPLIST_KEY_UILaunchScreen_Generation = YES;
				INFOPLIST_KEY_UISupportedInterfaceOrientations_iPad = "UIInterfaceOrientationPortrait UIInterfaceOrientationPortraitUpsideDown UIInterfaceOrientationLandscapeLeft UIInterfaceOrientationLandscapeRight";
				INFOPLIST_KEY_UISupportedInterfaceOrientations_iPhone = "UIInterfaceOrientationPortrait UIInterfaceOrientationLandscapeLeft UIInterfaceOrientationLandscapeRight";
				LD_RUNPATH_SEARCH_PATHS = (
					"$(inherited)",
					"@executable_path/Frameworks",
				);
				MARKETING_VERSION = 1.0;
				PRODUCT_BUNDLE_IDENTIFIER = "com.ayushmishravlogs.openInApp-tut";
				PRODUCT_NAME = "$(TARGET_NAME)";
				SWIFT_EMIT_LOC_STRINGS = YES;
				SWIFT_VERSION = 5.0;
				TARGETED_DEVICE_FAMILY = "1,2";
			};
			name = Debug;
		};
		185AAA932BCEB01600C992A6 /* Release */ = {
			isa = XCBuildConfiguration;
			buildSettings = {
				ASSETCATALOG_COMPILER_APPICON_NAME = AppIcon;
				ASSETCATALOG_COMPILER_GLOBAL_ACCENT_COLOR_NAME = AccentColor;
				CODE_SIGN_STYLE = Automatic;
				CURRENT_PROJECT_VERSION = 1;
				DEVELOPMENT_ASSET_PATHS = "\"openInApp tut/Preview Content\"";
				DEVELOPMENT_TEAM = C7DKXQWN92;
				ENABLE_PREVIEWS = YES;
				GENERATE_INFOPLIST_FILE = YES;
				INFOPLIST_KEY_UIApplicationSceneManifest_Generation = YES;
				INFOPLIST_KEY_UIApplicationSupportsIndirectInputEvents = YES;
				INFOPLIST_KEY_UILaunchScreen_Generation = YES;
				INFOPLIST_KEY_UISupportedInterfaceOrientations_iPad = "UIInterfaceOrientationPortrait UIInterfaceOrientationPortraitUpsideDown UIInterfaceOrientationLandscapeLeft UIInterfaceOrientationLandscapeRight";
				INFOPLIST_KEY_UISupportedInterfaceOrientations_iPhone = "UIInterfaceOrientationPortrait UIInterfaceOrientationLandscapeLeft UIInterfaceOrientationLandscapeRight";
				LD_RUNPATH_SEARCH_PATHS = (
					"$(inherited)",
					"@executable_path/Frameworks",
				);
				MARKETING_VERSION = 1.0;
				PRODUCT_BUNDLE_IDENTIFIER = "com.ayushmishravlogs.openInApp-tut";
				PRODUCT_NAME = "$(TARGET_NAME)";
				SWIFT_EMIT_LOC_STRINGS = YES;
				SWIFT_VERSION = 5.0;
				TARGETED_DEVICE_FAMILY = "1,2";
			};
			name = Release;
		};
/* End XCBuildConfiguration section */

/* Begin XCConfigurationList section */
		185AAA7E2BCEB01400C992A6 /* Build configuration list for PBXProject "openInApp tut" */ = {
			isa = XCConfigurationList;
			buildConfigurations = (
				185AAA8F2BCEB01600C992A6 /* Debug */,
				185AAA902BCEB01600C992A6 /* Release */,
			);
			defaultConfigurationIsVisible = 0;
			defaultConfigurationName = Release;
		};
		185AAA912BCEB01600C992A6 /* Build configuration list for PBXNativeTarget "openInApp tut" */ = {
			isa = XCConfigurationList;
			buildConfigurations = (
				185AAA922BCEB01600C992A6 /* Debug */,
				185AAA932BCEB01600C992A6 /* Release */,
			);
			defaultConfigurationIsVisible = 0;
			defaultConfigurationName = Release;
		};
/* End XCConfigurationList section */
	};
	rootObject = 185AAA7B2BCEB01400C992A6 /* Project object */;
}
